{
  "version": "5",
  "specifiers": {
    "jsr:@cliffy/ansi@1.0.0-rc.8": "1.0.0-rc.8",
    "jsr:@cliffy/ansi@^1.0.0-rc.8": "1.0.0-rc.8",
    "jsr:@cliffy/internal@1.0.0-rc.8": "1.0.0-rc.8",
    "jsr:@cliffy/keycode@1.0.0-rc.8": "1.0.0-rc.8",
    "jsr:@cliffy/keypress@^1.0.0-rc.8": "1.0.0-rc.8",
    "jsr:@cliffy/prompt@^1.0.0-rc.8": "1.0.0-rc.8",
    "jsr:@std/assert@~1.0.6": "1.0.13",
    "jsr:@std/cli@^1.0.20": "1.0.20",
    "jsr:@std/dotenv@~0.225.5": "0.225.5",
    "jsr:@std/encoding@~1.0.5": "1.0.10",
    "jsr:@std/fmt@~1.0.2": "1.0.8",
    "jsr:@std/io@~0.224.9": "0.224.9",
    "jsr:@std/path@~1.0.6": "1.0.9",
    "jsr:@std/text@~1.0.7": "1.0.15",
    "npm:@types/node@*": "22.15.15",
    "npm:comodern@*": "0.1.1",
    "npm:comodern@~0.1.1": "0.1.1",
    "npm:picocolors@*": "1.1.1",
    "npm:picocolors@^1.1.1": "1.1.1"
  },
  "jsr": {
    "@cliffy/ansi@1.0.0-rc.8": {
      "integrity": "ba37f10ce55bbfbdd8ddd987f91f029b17bce88385b98ba3058870f3b007b80c",
      "dependencies": [
        "jsr:@cliffy/internal",
        "jsr:@std/encoding",
        "jsr:@std/fmt",
        "jsr:@std/io"
      ]
    },
    "@cliffy/internal@1.0.0-rc.8": {
      "integrity": "34cdf2fad9b084b5aed493b138d573f52d4e988767215f7460daf0b918ff43d8"
    },
    "@cliffy/keycode@1.0.0-rc.8": {
      "integrity": "76dbf85a67ec0aea2e29ca049b8507b6b3f62a2a971bd744d8d3fc447c177cd9"
    },
    "@cliffy/keypress@1.0.0-rc.8": {
      "integrity": "a75fa9ccf8e01ed3b0b6ec8c1392e89a6617f89e444b88024dce735f9d4dc562",
      "dependencies": [
        "jsr:@cliffy/internal",
        "jsr:@cliffy/keycode"
      ]
    },
    "@cliffy/prompt@1.0.0-rc.8": {
      "integrity": "eba403ea1d47b9971bf2210fa35f4dc7ebd2aba87beec9540ae47552806e2f25",
      "dependencies": [
        "jsr:@cliffy/ansi@1.0.0-rc.8",
        "jsr:@cliffy/internal",
        "jsr:@cliffy/keycode",
        "jsr:@std/assert",
        "jsr:@std/fmt",
        "jsr:@std/io",
        "jsr:@std/path",
        "jsr:@std/text"
      ]
    },
    "@std/assert@1.0.13": {
      "integrity": "ae0d31e41919b12c656c742b22522c32fb26ed0cba32975cb0de2a273cb68b29"
    },
    "@std/cli@1.0.20": {
      "integrity": "a8c384a2c98cec6ec6a2055c273a916e2772485eb784af0db004c5ab8ba52333"
    },
    "@std/dotenv@0.225.5": {
      "integrity": "9ce6f9d0ec3311f74a32535aa1b8c62ed88b1ab91b7f0815797d77a6f60c922f"
    },
    "@std/encoding@1.0.10": {
      "integrity": "8783c6384a2d13abd5e9e87a7ae0520a30e9f56aeeaa3bdf910a3eaaf5c811a1"
    },
    "@std/fmt@1.0.8": {
      "integrity": "71e1fc498787e4434d213647a6e43e794af4fd393ef8f52062246e06f7e372b7"
    },
    "@std/io@0.224.9": {
      "integrity": "4414664b6926f665102e73c969cfda06d2c4c59bd5d0c603fd4f1b1c840d6ee3"
    },
    "@std/path@1.0.9": {
      "integrity": "260a49f11edd3db93dd38350bf9cd1b4d1366afa98e81b86167b4e3dd750129e"
    },
    "@std/text@1.0.15": {
      "integrity": "91f5cc1e12779a3d95f1be34e763f9c28a75a078b7360e6fcaef0d8d9b1e3e7f"
    }
  },
  "npm": {
    "@types/node@22.15.15": {
      "integrity": "sha512-R5muMcZob3/Jjchn5LcO8jdKwSCbzqmPB6ruBxMcf9kbxtniZHP327s6C37iOfuw8mbKK3cAQa7sEl7afLrQ8A==",
      "dependencies": [
        "undici-types"
      ]
    },
    "comodern@0.1.1": {
      "integrity": "sha512-5DnOza8t6BYyO74RSFcLXhl7fMdV64miXlV44dT4tOia6+g2ECROnhKOZAN2+ba2+27GxDNQV9tauQFXtekVmQ==",
      "dependencies": [
        "picocolors"
      ]
    },
    "picocolors@1.1.1": {
      "integrity": "sha512-xceH2snhtb5M9liqDsmEw56le376mTZkEX/jEb/RxNFyegNul7eNslCXP9FDj/Lcu0X8KEyMceP2ntpaHrDEVA=="
    },
    "undici-types@6.21.0": {
      "integrity": "sha512-iwDZqg0QAGrg9Rav5H4n0M64c3mkR59cJ6wQp+7C4nI0gsmExaedaYLNO44eT4AtBBwjbTiGPMlt2Md0T9H9JQ=="
    }
  },
  "remote": {
    "https://deno.land/std@0.100.0/_util/assert.ts": "2f868145a042a11d5ad0a3c748dcf580add8a0dbc0e876eaa0026303a5488f58",
    "https://deno.land/std@0.100.0/flags/mod.ts": "0994240ad009980e46bc3bb1314e9469c7241617e4345b27afc82097fdbef841"
  },
  "workspace": {
    "dependencies": [
      "jsr:@cliffy/ansi@^1.0.0-rc.8",
      "jsr:@cliffy/keypress@^1.0.0-rc.8",
      "jsr:@cliffy/prompt@^1.0.0-rc.8",
      "jsr:@std/cli@^1.0.20",
      "jsr:@std/dotenv@~0.225.5",
      "npm:comodern@~0.1.1",
      "npm:picocolors@^1.1.1"
    ]
  }
}
